
Microsoft Visual Studio Solution File, Format Version 12.00
# Visual Studio Version 16
VisualStudioVersion = 16.0.31313.79
MinimumVisualStudioVersion = 10.0.40219.1
Project("{FAE04EC0-301F-11D3-BF4B-00C04F79EFBC}") = "TicTacToe", "TicTacToe.csproj", "{E1ACD4FE-201F-40BF-B534-80D4C34D61EE}"
EndProject
Global
	GlobalSection(SolutionConfigurationPlatforms) = preSolution
		Debug|Any CPU = Debug|Any CPU
		Release|Any CPU = Release|Any CPU
	EndGlobalSection
	GlobalSection(ProjectConfigurationPlatforms) = postSolution
		{E1ACD4FE-201F-40BF-B534-80D4C34D61EE}.Debug|Any CPU.ActiveCfg = Debug|Any CPU
		{E1ACD4FE-201F-40BF-B534-80D4C34D61EE}.Debug|Any CPU.Build.0 = Debug|Any CPU
		{E1ACD4FE-201F-40BF-B534-80D4C34D61EE}.Release|Any CPU.ActiveCfg = Release|Any CPU
		{E1ACD4FE-201F-40BF-B534-80D4C34D61EE}.Release|Any CPU.Build.0 = Release|Any CPU
	EndGlobalSection
	GlobalSection(SolutionProperties) = preSolution
		HideSolutionNode = FALSE
	EndGlobalSection
	GlobalSection(ExtensibilityGlobals) = postSolution
		SolutionGuid = {7FA4DE19-AE13-437C-BE87-5DD73166C180}
	EndGlobalSection
EndGlobal
